
Microsoft Visual Studio Solution File, Format Version 12.00
# Visual Studio 2013
VisualStudioVersion = 12.0.40629.0
MinimumVisualStudioVersion = 10.0.40219.1
Project("{FAE04EC0-301F-11D3-BF4B-00C04F79EFBC}") = "RSC.CVSP.Core", "RSC.CVSP.Core\RSC.CVSP.Core.csproj", "{2A546298-8DF8-4C18-BAFE-0341DEA45AEC}"
EndProject
Project("{FAE04EC0-301F-11D3-BF4B-00C04F79EFBC}") = "RSC.CVSP.EntityFramework", "RSC.CVSP.EntityFramework\RSC.CVSP.EntityFramework.csproj", "{36D95F7C-4D56-40CD-9178-853C741BAEAE}"
EndProject
Project("{2150E333-8FDC-42A3-9474-1A3956D46DE8}") = ".nuget", ".nuget", "{DBBDD964-A1FB-4AD0-B60C-B2B125A05250}"
	ProjectSection(SolutionItems) = preProject
		.nuget\NuGet.Config = .nuget\NuGet.Config
		.nuget\NuGet.exe = .nuget\NuGet.exe
		.nuget\NuGet.targets = .nuget\NuGet.targets
	EndProjectSection
EndProject
Project("{FAE04EC0-301F-11D3-BF4B-00C04F79EFBC}") = "RSC.CVSP.Utils", "RSC.CVSP.Utils\RSC.CVSP.Utils.csproj", "{00754394-63DE-4937-BFA2-AEE20A79A946}"
EndProject
Project("{FAE04EC0-301F-11D3-BF4B-00C04F79EFBC}") = "CVSPService", "CVSPService\CVSPService.csproj", "{291A5055-3AC4-4267-BE62-3899C35B1D06}"
EndProject
Project("{FAE04EC0-301F-11D3-BF4B-00C04F79EFBC}") = "RSC.CVSP.Compounds", "RSC.CVSP.Compounds\RSC.CVSP.Compounds.csproj", "{0A4BDE97-64AF-45A0-A861-F410E4E48935}"
EndProject
Project("{FAE04EC0-301F-11D3-BF4B-00C04F79EFBC}") = "CVSPTests", "CVSPTests\CVSPTests.csproj", "{AC1615A2-648D-4B38-9122-2A606551160F}"
EndProject
Project("{FAE04EC0-301F-11D3-BF4B-00C04F79EFBC}") = "CVSPWorker", "CVSPWorker\CVSPWorker.csproj", "{044EF0A4-A269-4963-B114-D2A7CFC98105}"
EndProject
Project("{FAE04EC0-301F-11D3-BF4B-00C04F79EFBC}") = "CVSPWeb", "CVSPWeb\CVSPWeb.csproj", "{6E4B941F-05B1-4CCE-9C42-63CF808A59EA}"
EndProject
Project("{FAE04EC0-301F-11D3-BF4B-00C04F79EFBC}") = "RSC.CVSP.Client", "RSC.CVSP.Client\RSC.CVSP.Client.csproj", "{6F802B8A-B11D-45D0-9A25-5D968F704B4B}"
EndProject
Project("{FAE04EC0-301F-11D3-BF4B-00C04F79EFBC}") = "RSC.CVSP.Compounds.Core", "RSC.CVSP.Compounds.Core\RSC.CVSP.Compounds.Core.csproj", "{ACCD3311-A14D-4317-B859-1401B904E837}"
EndProject
Project("{FAE04EC0-301F-11D3-BF4B-00C04F79EFBC}") = "_NuGetPublish", "_NuGetPublish\_NuGetPublish.csproj", "{4E595679-5DB8-406A-872D-DC7804DAD844}"
EndProject
Project("{FAE04EC0-301F-11D3-BF4B-00C04F79EFBC}") = "RSC.CVSP.Search", "RSC.CVSP.Search\RSC.CVSP.Search.csproj", "{DC311AB0-EAC5-4807-A8CC-B299EE338547}"
EndProject
Project("{FAE04EC0-301F-11D3-BF4B-00C04F79EFBC}") = "RSC.Process", "RSC.Process\RSC.Process.csproj", "{9E953BBC-516B-4D12-A22D-C0FBBF9EE9F1}"
EndProject
Project("{FAE04EC0-301F-11D3-BF4B-00C04F79EFBC}") = "RSC.Process.EntityFramework", "RSC.Process.EntityFramework\RSC.Process.EntityFramework.csproj", "{AE18986C-891B-42E2-9C4E-10F44253DF97}"
EndProject
Project("{2150E333-8FDC-42A3-9474-1A3956D46DE8}") = "Solution Items", "Solution Items", "{F68A9C7A-1AE1-4951-82FE-1AEF3A586CE6}"
EndProject
Project("{FAE04EC0-301F-11D3-BF4B-00C04F79EFBC}") = "RSC.CVSP.Compounds.ParentChild", "RSC.CVSP.Compounds.ParentChild\RSC.CVSP.Compounds.ParentChild.csproj", "{10A01B87-4BB2-4E12-96E9-7AAA90344025}"
EndProject
Project("{FAE04EC0-301F-11D3-BF4B-00C04F79EFBC}") = "RSC.CVSP.Compounds.ChemSpiderProperties", "RSC.CVSP.Compounds.ChemSpiderProperties\RSC.CVSP.Compounds.ChemSpiderProperties.csproj", "{225D3BDD-B1E1-451A-99C4-442E15C9C2D6}"
EndProject
Global
	GlobalSection(SolutionConfigurationPlatforms) = preSolution
		Debug|Any CPU = Debug|Any CPU
		Release|Any CPU = Release|Any CPU
		VT-Debug|Any CPU = VT-Debug|Any CPU
	EndGlobalSection
	GlobalSection(ProjectConfigurationPlatforms) = postSolution
		{2A546298-8DF8-4C18-BAFE-0341DEA45AEC}.Debug|Any CPU.ActiveCfg = Debug|Any CPU
		{2A546298-8DF8-4C18-BAFE-0341DEA45AEC}.Debug|Any CPU.Build.0 = Debug|Any CPU
		{2A546298-8DF8-4C18-BAFE-0341DEA45AEC}.Release|Any CPU.ActiveCfg = Release|Any CPU
		{2A546298-8DF8-4C18-BAFE-0341DEA45AEC}.Release|Any CPU.Build.0 = Release|Any CPU
		{2A546298-8DF8-4C18-BAFE-0341DEA45AEC}.VT-Debug|Any CPU.ActiveCfg = VT-Debug|Any CPU
		{2A546298-8DF8-4C18-BAFE-0341DEA45AEC}.VT-Debug|Any CPU.Build.0 = VT-Debug|Any CPU
		{36D95F7C-4D56-40CD-9178-853C741BAEAE}.Debug|Any CPU.ActiveCfg = Debug|Any CPU
		{36D95F7C-4D56-40CD-9178-853C741BAEAE}.Debug|Any CPU.Build.0 = Debug|Any CPU
		{36D95F7C-4D56-40CD-9178-853C741BAEAE}.Release|Any CPU.ActiveCfg = Release|Any CPU
		{36D95F7C-4D56-40CD-9178-853C741BAEAE}.Release|Any CPU.Build.0 = Release|Any CPU
		{36D95F7C-4D56-40CD-9178-853C741BAEAE}.VT-Debug|Any CPU.ActiveCfg = VT-Debug|Any CPU
		{36D95F7C-4D56-40CD-9178-853C741BAEAE}.VT-Debug|Any CPU.Build.0 = VT-Debug|Any CPU
		{00754394-63DE-4937-BFA2-AEE20A79A946}.Debug|Any CPU.ActiveCfg = Debug|Any CPU
		{00754394-63DE-4937-BFA2-AEE20A79A946}.Debug|Any CPU.Build.0 = Debug|Any CPU
		{00754394-63DE-4937-BFA2-AEE20A79A946}.Release|Any CPU.ActiveCfg = Release|Any CPU
		{00754394-63DE-4937-BFA2-AEE20A79A946}.Release|Any CPU.Build.0 = Release|Any CPU
		{00754394-63DE-4937-BFA2-AEE20A79A946}.VT-Debug|Any CPU.ActiveCfg = VT-Debug|Any CPU
		{00754394-63DE-4937-BFA2-AEE20A79A946}.VT-Debug|Any CPU.Build.0 = VT-Debug|Any CPU
		{291A5055-3AC4-4267-BE62-3899C35B1D06}.Debug|Any CPU.ActiveCfg = Debug|Any CPU
		{291A5055-3AC4-4267-BE62-3899C35B1D06}.Debug|Any CPU.Build.0 = Debug|Any CPU
		{291A5055-3AC4-4267-BE62-3899C35B1D06}.Release|Any CPU.ActiveCfg = Release|Any CPU
		{291A5055-3AC4-4267-BE62-3899C35B1D06}.Release|Any CPU.Build.0 = Release|Any CPU
		{291A5055-3AC4-4267-BE62-3899C35B1D06}.VT-Debug|Any CPU.ActiveCfg = VT-Debug|Any CPU
		{291A5055-3AC4-4267-BE62-3899C35B1D06}.VT-Debug|Any CPU.Build.0 = VT-Debug|Any CPU
		{0A4BDE97-64AF-45A0-A861-F410E4E48935}.Debug|Any CPU.ActiveCfg = Debug|Any CPU
		{0A4BDE97-64AF-45A0-A861-F410E4E48935}.Debug|Any CPU.Build.0 = Debug|Any CPU
		{0A4BDE97-64AF-45A0-A861-F410E4E48935}.Release|Any CPU.ActiveCfg = Release|Any CPU
		{0A4BDE97-64AF-45A0-A861-F410E4E48935}.Release|Any CPU.Build.0 = Release|Any CPU
		{0A4BDE97-64AF-45A0-A861-F410E4E48935}.VT-Debug|Any CPU.ActiveCfg = VT-Debug|Any CPU
		{0A4BDE97-64AF-45A0-A861-F410E4E48935}.VT-Debug|Any CPU.Build.0 = VT-Debug|Any CPU
		{AC1615A2-648D-4B38-9122-2A606551160F}.Debug|Any CPU.ActiveCfg = Debug|Any CPU
		{AC1615A2-648D-4B38-9122-2A606551160F}.Debug|Any CPU.Build.0 = Debug|Any CPU
		{AC1615A2-648D-4B38-9122-2A606551160F}.Release|Any CPU.ActiveCfg = Release|Any CPU
		{AC1615A2-648D-4B38-9122-2A606551160F}.Release|Any CPU.Build.0 = Release|Any CPU
		{AC1615A2-648D-4B38-9122-2A606551160F}.VT-Debug|Any CPU.ActiveCfg = VT-Debug|Any CPU
		{AC1615A2-648D-4B38-9122-2A606551160F}.VT-Debug|Any CPU.Build.0 = VT-Debug|Any CPU
		{044EF0A4-A269-4963-B114-D2A7CFC98105}.Debug|Any CPU.ActiveCfg = Debug|Any CPU
		{044EF0A4-A269-4963-B114-D2A7CFC98105}.Debug|Any CPU.Build.0 = Debug|Any CPU
		{044EF0A4-A269-4963-B114-D2A7CFC98105}.Release|Any CPU.ActiveCfg = Release|Any CPU
		{044EF0A4-A269-4963-B114-D2A7CFC98105}.Release|Any CPU.Build.0 = Release|Any CPU
		{044EF0A4-A269-4963-B114-D2A7CFC98105}.VT-Debug|Any CPU.ActiveCfg = VT-Debug|Any CPU
		{044EF0A4-A269-4963-B114-D2A7CFC98105}.VT-Debug|Any CPU.Build.0 = VT-Debug|Any CPU
		{6E4B941F-05B1-4CCE-9C42-63CF808A59EA}.Debug|Any CPU.ActiveCfg = Debug|Any CPU
		{6E4B941F-05B1-4CCE-9C42-63CF808A59EA}.Debug|Any CPU.Build.0 = Debug|Any CPU
		{6E4B941F-05B1-4CCE-9C42-63CF808A59EA}.Release|Any CPU.ActiveCfg = Release|Any CPU
		{6E4B941F-05B1-4CCE-9C42-63CF808A59EA}.Release|Any CPU.Build.0 = Release|Any CPU
		{6E4B941F-05B1-4CCE-9C42-63CF808A59EA}.VT-Debug|Any CPU.ActiveCfg = VT-Debug|Any CPU
		{6E4B941F-05B1-4CCE-9C42-63CF808A59EA}.VT-Debug|Any CPU.Build.0 = VT-Debug|Any CPU
		{6F802B8A-B11D-45D0-9A25-5D968F704B4B}.Debug|Any CPU.ActiveCfg = Debug|Any CPU
		{6F802B8A-B11D-45D0-9A25-5D968F704B4B}.Debug|Any CPU.Build.0 = Debug|Any CPU
		{6F802B8A-B11D-45D0-9A25-5D968F704B4B}.Release|Any CPU.ActiveCfg = Release|Any CPU
		{6F802B8A-B11D-45D0-9A25-5D968F704B4B}.Release|Any CPU.Build.0 = Release|Any CPU
		{6F802B8A-B11D-45D0-9A25-5D968F704B4B}.VT-Debug|Any CPU.ActiveCfg = VT-Debug|Any CPU
		{6F802B8A-B11D-45D0-9A25-5D968F704B4B}.VT-Debug|Any CPU.Build.0 = VT-Debug|Any CPU
		{ACCD3311-A14D-4317-B859-1401B904E837}.Debug|Any CPU.ActiveCfg = Debug|Any CPU
		{ACCD3311-A14D-4317-B859-1401B904E837}.Debug|Any CPU.Build.0 = Debug|Any CPU
		{ACCD3311-A14D-4317-B859-1401B904E837}.Release|Any CPU.ActiveCfg = Release|Any CPU
		{ACCD3311-A14D-4317-B859-1401B904E837}.Release|Any CPU.Build.0 = Release|Any CPU
		{ACCD3311-A14D-4317-B859-1401B904E837}.VT-Debug|Any CPU.ActiveCfg = VT-Debug|Any CPU
		{ACCD3311-A14D-4317-B859-1401B904E837}.VT-Debug|Any CPU.Build.0 = VT-Debug|Any CPU
		{4E595679-5DB8-406A-872D-DC7804DAD844}.Debug|Any CPU.ActiveCfg = Debug|Any CPU
		{4E595679-5DB8-406A-872D-DC7804DAD844}.Release|Any CPU.ActiveCfg = Release|Any CPU
		{4E595679-5DB8-406A-872D-DC7804DAD844}.Release|Any CPU.Build.0 = Release|Any CPU
		{4E595679-5DB8-406A-872D-DC7804DAD844}.VT-Debug|Any CPU.ActiveCfg = VT-Debug|Any CPU
		{DC311AB0-EAC5-4807-A8CC-B299EE338547}.Debug|Any CPU.ActiveCfg = Debug|Any CPU
		{DC311AB0-EAC5-4807-A8CC-B299EE338547}.Debug|Any CPU.Build.0 = Debug|Any CPU
		{DC311AB0-EAC5-4807-A8CC-B299EE338547}.Release|Any CPU.ActiveCfg = Release|Any CPU
		{DC311AB0-EAC5-4807-A8CC-B299EE338547}.Release|Any CPU.Build.0 = Release|Any CPU
		{DC311AB0-EAC5-4807-A8CC-B299EE338547}.VT-Debug|Any CPU.ActiveCfg = VT-Debug|Any CPU
		{DC311AB0-EAC5-4807-A8CC-B299EE338547}.VT-Debug|Any CPU.Build.0 = VT-Debug|Any CPU
		{9E953BBC-516B-4D12-A22D-C0FBBF9EE9F1}.Debug|Any CPU.ActiveCfg = Debug|Any CPU
		{9E953BBC-516B-4D12-A22D-C0FBBF9EE9F1}.Debug|Any CPU.Build.0 = Debug|Any CPU
		{9E953BBC-516B-4D12-A22D-C0FBBF9EE9F1}.Release|Any CPU.ActiveCfg = Release|Any CPU
		{9E953BBC-516B-4D12-A22D-C0FBBF9EE9F1}.Release|Any CPU.Build.0 = Release|Any CPU
		{9E953BBC-516B-4D12-A22D-C0FBBF9EE9F1}.VT-Debug|Any CPU.ActiveCfg = VT-Debug|Any CPU
		{9E953BBC-516B-4D12-A22D-C0FBBF9EE9F1}.VT-Debug|Any CPU.Build.0 = VT-Debug|Any CPU
		{AE18986C-891B-42E2-9C4E-10F44253DF97}.Debug|Any CPU.ActiveCfg = Debug|Any CPU
		{AE18986C-891B-42E2-9C4E-10F44253DF97}.Debug|Any CPU.Build.0 = Debug|Any CPU
		{AE18986C-891B-42E2-9C4E-10F44253DF97}.Release|Any CPU.ActiveCfg = Release|Any CPU
		{AE18986C-891B-42E2-9C4E-10F44253DF97}.Release|Any CPU.Build.0 = Release|Any CPU
		{AE18986C-891B-42E2-9C4E-10F44253DF97}.VT-Debug|Any CPU.ActiveCfg = VT-Debug|Any CPU
		{AE18986C-891B-42E2-9C4E-10F44253DF97}.VT-Debug|Any CPU.Build.0 = VT-Debug|Any CPU
		{10A01B87-4BB2-4E12-96E9-7AAA90344025}.Debug|Any CPU.ActiveCfg = Debug|Any CPU
		{10A01B87-4BB2-4E12-96E9-7AAA90344025}.Debug|Any CPU.Build.0 = Debug|Any CPU
		{10A01B87-4BB2-4E12-96E9-7AAA90344025}.Release|Any CPU.ActiveCfg = Release|Any CPU
		{10A01B87-4BB2-4E12-96E9-7AAA90344025}.Release|Any CPU.Build.0 = Release|Any CPU
		{10A01B87-4BB2-4E12-96E9-7AAA90344025}.VT-Debug|Any CPU.ActiveCfg = VT-Debug|Any CPU
		{10A01B87-4BB2-4E12-96E9-7AAA90344025}.VT-Debug|Any CPU.Build.0 = VT-Debug|Any CPU
		{225D3BDD-B1E1-451A-99C4-442E15C9C2D6}.Debug|Any CPU.ActiveCfg = Debug|Any CPU
		{225D3BDD-B1E1-451A-99C4-442E15C9C2D6}.Debug|Any CPU.Build.0 = Debug|Any CPU
		{225D3BDD-B1E1-451A-99C4-442E15C9C2D6}.Release|Any CPU.ActiveCfg = Release|Any CPU
		{225D3BDD-B1E1-451A-99C4-442E15C9C2D6}.Release|Any CPU.Build.0 = Release|Any CPU
		{225D3BDD-B1E1-451A-99C4-442E15C9C2D6}.VT-Debug|Any CPU.ActiveCfg = VT-Debug|Any CPU
		{225D3BDD-B1E1-451A-99C4-442E15C9C2D6}.VT-Debug|Any CPU.Build.0 = VT-Debug|Any CPU
	EndGlobalSection
	GlobalSection(SolutionProperties) = preSolution
		HideSolutionNode = FALSE
	EndGlobalSection
EndGlobal
